{
  "name": "week1",
  "version": "1.0.0",
  "lockfileVersion": 1,
  "requires": true,
  "dependencies": {
    "bcryptjs": {
      "version": "2.4.3",
      "resolved": "https://registry.npmjs.org/bcryptjs/-/bcryptjs-2.4.3.tgz",
      "integrity": "sha1-mrVie5PmBiH/fNrF2pczAn3x0Ms="
    },
    "get-ip-addresses": {
      "version": "1.1.0",
      "resolved": "https://registry.npmjs.org/get-ip-addresses/-/get-ip-addresses-1.1.0.tgz",
      "integrity": "sha512-NjY0qeKGu4plPn89k1fYmjnXT7/ZxURgw4VbYsVkq15C6yDsitWOekVMUbf4fxgO2D0KS8thap+YYXjBZz8lRw==",
      "requires": {
        "lodash": "^4.0.0"
      }
    },
    "get-port": {
      "version": "5.1.0",
      "resolved": "https://registry.npmjs.org/get-port/-/get-port-5.1.0.tgz",
      "integrity": "sha512-bjioH1E9bTQUvgaB6VycVy1QVbTZI41yTnF9qkZz6ixgy/uhCH6D63bKeZ6Code/07JYA61MeI94jSdHss8PNA=="
    },
    "lodash": {
      "version": "4.17.15",
      "resolved": "https://registry.npmjs.org/lodash/-/lodash-4.17.15.tgz",
      "integrity": "sha512-8xOcRHvCjnocdS5cpwXQXVzmmh5e5+saE2QGoeQmbKmRS6J3VQppPOIt0MnmE+4xlZoumy0GPG0D0MVIQbNA1A=="
    }
  }
}
